
Microsoft Visual Studio Solution File, Format Version 12.00
# Visual Studio Version 17
VisualStudioVersion = 17.2.32616.157
MinimumVisualStudioVersion = 10.0.40219.1
Project("{2150E333-8FDC-42A3-9474-1A3956D46DE8}") = "CQS", "CQS", "{8B4C80B2-F62B-4D01-AA0E-F54682F448F8}"
EndProject
Project("{9A19103F-16F7-4668-BE54-9A1E7A4F7556}") = "STrain.CQS.Api", "STrain.CQS.Api\STrain.CQS.Api.csproj", "{9CFB54BA-AC99-413D-B749-76312F653A30}"
EndProject
Project("{2150E333-8FDC-42A3-9474-1A3956D46DE8}") = "Tests", "Tests", "{6B7FDBDE-5009-4003-B00B-4A1E4026DBF8}"
EndProject
Project("{9A19103F-16F7-4668-BE54-9A1E7A4F7556}") = "STrain.CQS.Test.Function", "STrain.CQS.Test.Function\STrain.CQS.Test.Function.csproj", "{4D8F2D9F-3937-4469-9F9F-0AE14CFD82EF}"
EndProject
Project("{9A19103F-16F7-4668-BE54-9A1E7A4F7556}") = "STrain.CQS", "STrain.CQS\STrain.CQS.csproj", "{87B6D35C-C721-4893-841B-C51DD7A26666}"
EndProject
Project("{9A19103F-16F7-4668-BE54-9A1E7A4F7556}") = "STrain.Sample.Backend", "STrain.Sample.Backend\STrain.Sample.Backend.csproj", "{98003C88-BF94-455F-9897-EC4586EF8F65}"
EndProject
Project("{9A19103F-16F7-4668-BE54-9A1E7A4F7556}") = "STrain.Sample.Api", "STrain.Sample.Api\STrain.Sample.Api.csproj", "{55153CF2-AEEF-4C9F-924F-AB30043827A8}"
EndProject
Project("{9A19103F-16F7-4668-BE54-9A1E7A4F7556}") = "STrain.CQS.Extensions.DependencyInjection", "STrain.CQS.Extensions.DependencyInjection\STrain.CQS.Extensions.DependencyInjection.csproj", "{850FBE40-B479-43D1-9958-06ACEECA64C4}"
EndProject
Project("{9A19103F-16F7-4668-BE54-9A1E7A4F7556}") = "STrain.CQS.NetCore", "STrain.CQS.NetCore\STrain.CQS.NetCore.csproj", "{7F81D03E-26F2-4C8F-BBF0-23FADF86E9CF}"
EndProject
Project("{9A19103F-16F7-4668-BE54-9A1E7A4F7556}") = "STrain.CQS.NetCore.LigtInject", "STrain.CQS.NetCore.LigtInject\STrain.CQS.NetCore.LigtInject.csproj", "{F7561B41-4FEC-4C17-AC39-9ABC293C5392}"
EndProject
Project("{9A19103F-16F7-4668-BE54-9A1E7A4F7556}") = "STrain.CQS.MVC", "STrain.CQS.MVC\STrain.CQS.MVC.csproj", "{AAA6D27F-8AFC-405D-9207-F505EDD34C5B}"
EndProject
Project("{9A19103F-16F7-4668-BE54-9A1E7A4F7556}") = "STrain.CQS.Test.Unit", "STrain.CQS.Test.Unit\STrain.CQS.Test.Unit.csproj", "{7B903F98-1C31-47B4-94AD-C00DC4D6E512}"
EndProject
Project("{9A19103F-16F7-4668-BE54-9A1E7A4F7556}") = "STrain.CQS.Attributes", "STrain.CQS.Attributes\STrain.CQS.Attributes.csproj", "{7000A3E4-61D6-41B9-92E1-DC16776F8C7A}"
EndProject
Project("{FAE04EC0-301F-11D3-BF4B-00C04F79EFBC}") = "STrain.Core", "STrain.Core\STrain.Core.csproj", "{AB6F791B-5522-4B21-B80A-A68A738BEEF5}"
EndProject
Global
	GlobalSection(SolutionConfigurationPlatforms) = preSolution
		Debug|Any CPU = Debug|Any CPU
		Release|Any CPU = Release|Any CPU
	EndGlobalSection
	GlobalSection(ProjectConfigurationPlatforms) = postSolution
		{9CFB54BA-AC99-413D-B749-76312F653A30}.Debug|Any CPU.ActiveCfg = Debug|Any CPU
		{9CFB54BA-AC99-413D-B749-76312F653A30}.Debug|Any CPU.Build.0 = Debug|Any CPU
		{9CFB54BA-AC99-413D-B749-76312F653A30}.Release|Any CPU.ActiveCfg = Release|Any CPU
		{9CFB54BA-AC99-413D-B749-76312F653A30}.Release|Any CPU.Build.0 = Release|Any CPU
		{4D8F2D9F-3937-4469-9F9F-0AE14CFD82EF}.Debug|Any CPU.ActiveCfg = Debug|Any CPU
		{4D8F2D9F-3937-4469-9F9F-0AE14CFD82EF}.Debug|Any CPU.Build.0 = Debug|Any CPU
		{4D8F2D9F-3937-4469-9F9F-0AE14CFD82EF}.Release|Any CPU.ActiveCfg = Release|Any CPU
		{4D8F2D9F-3937-4469-9F9F-0AE14CFD82EF}.Release|Any CPU.Build.0 = Release|Any CPU
		{87B6D35C-C721-4893-841B-C51DD7A26666}.Debug|Any CPU.ActiveCfg = Debug|Any CPU
		{87B6D35C-C721-4893-841B-C51DD7A26666}.Debug|Any CPU.Build.0 = Debug|Any CPU
		{87B6D35C-C721-4893-841B-C51DD7A26666}.Release|Any CPU.ActiveCfg = Release|Any CPU
		{87B6D35C-C721-4893-841B-C51DD7A26666}.Release|Any CPU.Build.0 = Release|Any CPU
		{98003C88-BF94-455F-9897-EC4586EF8F65}.Debug|Any CPU.ActiveCfg = Debug|Any CPU
		{98003C88-BF94-455F-9897-EC4586EF8F65}.Debug|Any CPU.Build.0 = Debug|Any CPU
		{98003C88-BF94-455F-9897-EC4586EF8F65}.Release|Any CPU.ActiveCfg = Release|Any CPU
		{98003C88-BF94-455F-9897-EC4586EF8F65}.Release|Any CPU.Build.0 = Release|Any CPU
		{55153CF2-AEEF-4C9F-924F-AB30043827A8}.Debug|Any CPU.ActiveCfg = Debug|Any CPU
		{55153CF2-AEEF-4C9F-924F-AB30043827A8}.Debug|Any CPU.Build.0 = Debug|Any CPU
		{55153CF2-AEEF-4C9F-924F-AB30043827A8}.Release|Any CPU.ActiveCfg = Release|Any CPU
		{55153CF2-AEEF-4C9F-924F-AB30043827A8}.Release|Any CPU.Build.0 = Release|Any CPU
		{850FBE40-B479-43D1-9958-06ACEECA64C4}.Debug|Any CPU.ActiveCfg = Debug|Any CPU
		{850FBE40-B479-43D1-9958-06ACEECA64C4}.Debug|Any CPU.Build.0 = Debug|Any CPU
		{850FBE40-B479-43D1-9958-06ACEECA64C4}.Release|Any CPU.ActiveCfg = Release|Any CPU
		{850FBE40-B479-43D1-9958-06ACEECA64C4}.Release|Any CPU.Build.0 = Release|Any CPU
		{7F81D03E-26F2-4C8F-BBF0-23FADF86E9CF}.Debug|Any CPU.ActiveCfg = Debug|Any CPU
		{7F81D03E-26F2-4C8F-BBF0-23FADF86E9CF}.Debug|Any CPU.Build.0 = Debug|Any CPU
		{7F81D03E-26F2-4C8F-BBF0-23FADF86E9CF}.Release|Any CPU.ActiveCfg = Release|Any CPU
		{7F81D03E-26F2-4C8F-BBF0-23FADF86E9CF}.Release|Any CPU.Build.0 = Release|Any CPU
		{F7561B41-4FEC-4C17-AC39-9ABC293C5392}.Debug|Any CPU.ActiveCfg = Debug|Any CPU
		{F7561B41-4FEC-4C17-AC39-9ABC293C5392}.Debug|Any CPU.Build.0 = Debug|Any CPU
		{F7561B41-4FEC-4C17-AC39-9ABC293C5392}.Release|Any CPU.ActiveCfg = Release|Any CPU
		{F7561B41-4FEC-4C17-AC39-9ABC293C5392}.Release|Any CPU.Build.0 = Release|Any CPU
		{AAA6D27F-8AFC-405D-9207-F505EDD34C5B}.Debug|Any CPU.ActiveCfg = Debug|Any CPU
		{AAA6D27F-8AFC-405D-9207-F505EDD34C5B}.Debug|Any CPU.Build.0 = Debug|Any CPU
		{AAA6D27F-8AFC-405D-9207-F505EDD34C5B}.Release|Any CPU.ActiveCfg = Release|Any CPU
		{AAA6D27F-8AFC-405D-9207-F505EDD34C5B}.Release|Any CPU.Build.0 = Release|Any CPU
		{7B903F98-1C31-47B4-94AD-C00DC4D6E512}.Debug|Any CPU.ActiveCfg = Debug|Any CPU
		{7B903F98-1C31-47B4-94AD-C00DC4D6E512}.Debug|Any CPU.Build.0 = Debug|Any CPU
		{7B903F98-1C31-47B4-94AD-C00DC4D6E512}.Release|Any CPU.ActiveCfg = Release|Any CPU
		{7B903F98-1C31-47B4-94AD-C00DC4D6E512}.Release|Any CPU.Build.0 = Release|Any CPU
		{7000A3E4-61D6-41B9-92E1-DC16776F8C7A}.Debug|Any CPU.ActiveCfg = Debug|Any CPU
		{7000A3E4-61D6-41B9-92E1-DC16776F8C7A}.Debug|Any CPU.Build.0 = Debug|Any CPU
		{7000A3E4-61D6-41B9-92E1-DC16776F8C7A}.Release|Any CPU.ActiveCfg = Release|Any CPU
		{7000A3E4-61D6-41B9-92E1-DC16776F8C7A}.Release|Any CPU.Build.0 = Release|Any CPU
		{AB6F791B-5522-4B21-B80A-A68A738BEEF5}.Debug|Any CPU.ActiveCfg = Debug|Any CPU
		{AB6F791B-5522-4B21-B80A-A68A738BEEF5}.Debug|Any CPU.Build.0 = Debug|Any CPU
		{AB6F791B-5522-4B21-B80A-A68A738BEEF5}.Release|Any CPU.ActiveCfg = Release|Any CPU
		{AB6F791B-5522-4B21-B80A-A68A738BEEF5}.Release|Any CPU.Build.0 = Release|Any CPU
	EndGlobalSection
	GlobalSection(SolutionProperties) = preSolution
		HideSolutionNode = FALSE
	EndGlobalSection
	GlobalSection(NestedProjects) = preSolution
		{9CFB54BA-AC99-413D-B749-76312F653A30} = {8B4C80B2-F62B-4D01-AA0E-F54682F448F8}
		{6B7FDBDE-5009-4003-B00B-4A1E4026DBF8} = {8B4C80B2-F62B-4D01-AA0E-F54682F448F8}
		{4D8F2D9F-3937-4469-9F9F-0AE14CFD82EF} = {6B7FDBDE-5009-4003-B00B-4A1E4026DBF8}
		{87B6D35C-C721-4893-841B-C51DD7A26666} = {8B4C80B2-F62B-4D01-AA0E-F54682F448F8}
		{850FBE40-B479-43D1-9958-06ACEECA64C4} = {8B4C80B2-F62B-4D01-AA0E-F54682F448F8}
		{7F81D03E-26F2-4C8F-BBF0-23FADF86E9CF} = {8B4C80B2-F62B-4D01-AA0E-F54682F448F8}
		{F7561B41-4FEC-4C17-AC39-9ABC293C5392} = {8B4C80B2-F62B-4D01-AA0E-F54682F448F8}
		{AAA6D27F-8AFC-405D-9207-F505EDD34C5B} = {8B4C80B2-F62B-4D01-AA0E-F54682F448F8}
		{7B903F98-1C31-47B4-94AD-C00DC4D6E512} = {6B7FDBDE-5009-4003-B00B-4A1E4026DBF8}
		{7000A3E4-61D6-41B9-92E1-DC16776F8C7A} = {8B4C80B2-F62B-4D01-AA0E-F54682F448F8}
		{AB6F791B-5522-4B21-B80A-A68A738BEEF5} = {8B4C80B2-F62B-4D01-AA0E-F54682F448F8}
	EndGlobalSection
	GlobalSection(ExtensibilityGlobals) = postSolution
		SolutionGuid = {B663B222-AB3B-44EB-B3F7-6AAEEDD843F9}
	EndGlobalSection
EndGlobal
